
Microsoft Visual Studio Solution File, Format Version 12.00
# Visual Studio 14
VisualStudioVersion = 14.0.24720.0
MinimumVisualStudioVersion = 10.0.40219.1
Project("{FAE04EC0-301F-11D3-BF4B-00C04F79EFBC}") = "JediTournamentConsole", "JediTournamentConsole\JediTournamentConsole.csproj", "{834579C7-F006-4BC1-910A-C13AAC6454FE}"
EndProject
Project("{FAE04EC0-301F-11D3-BF4B-00C04F79EFBC}") = "BusinessLayer", "BusinessLayer\BusinessLayer.csproj", "{A62009E1-33E0-48B8-854F-A6AD3A19C1AD}"
EndProject
Project("{FAE04EC0-301F-11D3-BF4B-00C04F79EFBC}") = "StubDataAccessLayer", "StubDataAccessLayer\StubDataAccessLayer.csproj", "{8F0B711B-1D8A-4728-BC89-36D87651A9B3}"
EndProject
Project("{FAE04EC0-301F-11D3-BF4B-00C04F79EFBC}") = "EntitiesLayer", "EntitiesLayer\EntitiesLayer.csproj", "{FB56789A-F43B-4F09-B675-AC26CD2B2F0B}"
EndProject
Project("{FAE04EC0-301F-11D3-BF4B-00C04F79EFBC}") = "JediTournamentWPF", "ApplicationWPF\JediTournamentWPF.csproj", "{E6B8A2CB-AF8B-4E06-BC29-25CF047220DB}"
EndProject
Project("{2150E333-8FDC-42A3-9474-1A3956D46DE8}") = "Solution Items", "Solution Items", "{4B55D85D-4CEC-402A-9185-B00181723A10}"
EndProject
Project("{FAE04EC0-301F-11D3-BF4B-00C04F79EFBC}") = "DataAccessLayer", "DataAccessLayer\DataAccessLayer.csproj", "{6A832D68-D334-42E2-9CD1-8B5A3C12BC7B}"
EndProject
Project("{2150E333-8FDC-42A3-9474-1A3956D46DE8}") = "img", "img", "{4922E289-603C-4471-9C78-727D54DF60C9}"
	ProjectSection(SolutionItems) = preProject
		img\default.png = img\default.png
		img\planet.png = img\planet.png
	EndProjectSection
EndProject
Project("{2150E333-8FDC-42A3-9474-1A3956D46DE8}") = "sql", "sql", "{FA776FF9-9B98-4E10-B831-3FA639A1BA32}"
	ProjectSection(SolutionItems) = preProject
		SQL\create.sql = SQL\create.sql
		SQL\insert.sql = SQL\insert.sql
		SQL\truncate.sql = SQL\truncate.sql
	EndProjectSection
EndProject
Project("{FAE04EC0-301F-11D3-BF4B-00C04F79EFBC}") = "BusinessLayerTest", "BusinessLayerTest\BusinessLayerTest.csproj", "{B62E0922-7424-41F7-9F0A-CE180717A219}"
EndProject
Project("{FAE04EC0-301F-11D3-BF4B-00C04F79EFBC}") = "DataAccessLayerTest", "DataAccessLayerTest\DataAccessLayerTest.csproj", "{BFD1DF37-729C-43D6-8C15-CFA09F477D6D}"
EndProject
Project("{FAE04EC0-301F-11D3-BF4B-00C04F79EFBC}") = "WCFJedi", "WCFJedi\WCFJedi.csproj", "{937CCA0F-99A5-4BDB-A519-B6B1749D21C5}"
EndProject
Project("{FAE04EC0-301F-11D3-BF4B-00C04F79EFBC}") = "WCFJediTest", "WCFJediTest\WCFJediTest.csproj", "{8FBDDF59-2B62-4B89-9B32-A636DF715E65}"
	ProjectSection(ProjectDependencies) = postProject
		{937CCA0F-99A5-4BDB-A519-B6B1749D21C5} = {937CCA0F-99A5-4BDB-A519-B6B1749D21C5}
	EndProjectSection
EndProject
Global
	GlobalSection(SolutionConfigurationPlatforms) = preSolution
		Debug|Any CPU = Debug|Any CPU
		Release|Any CPU = Release|Any CPU
	EndGlobalSection
	GlobalSection(ProjectConfigurationPlatforms) = postSolution
		{834579C7-F006-4BC1-910A-C13AAC6454FE}.Debug|Any CPU.ActiveCfg = Debug|Any CPU
		{834579C7-F006-4BC1-910A-C13AAC6454FE}.Debug|Any CPU.Build.0 = Debug|Any CPU
		{834579C7-F006-4BC1-910A-C13AAC6454FE}.Release|Any CPU.ActiveCfg = Release|Any CPU
		{834579C7-F006-4BC1-910A-C13AAC6454FE}.Release|Any CPU.Build.0 = Release|Any CPU
		{A62009E1-33E0-48B8-854F-A6AD3A19C1AD}.Debug|Any CPU.ActiveCfg = Debug|Any CPU
		{A62009E1-33E0-48B8-854F-A6AD3A19C1AD}.Debug|Any CPU.Build.0 = Debug|Any CPU
		{A62009E1-33E0-48B8-854F-A6AD3A19C1AD}.Release|Any CPU.ActiveCfg = Release|Any CPU
		{A62009E1-33E0-48B8-854F-A6AD3A19C1AD}.Release|Any CPU.Build.0 = Release|Any CPU
		{8F0B711B-1D8A-4728-BC89-36D87651A9B3}.Debug|Any CPU.ActiveCfg = Debug|Any CPU
		{8F0B711B-1D8A-4728-BC89-36D87651A9B3}.Debug|Any CPU.Build.0 = Debug|Any CPU
		{8F0B711B-1D8A-4728-BC89-36D87651A9B3}.Release|Any CPU.ActiveCfg = Release|Any CPU
		{8F0B711B-1D8A-4728-BC89-36D87651A9B3}.Release|Any CPU.Build.0 = Release|Any CPU
		{FB56789A-F43B-4F09-B675-AC26CD2B2F0B}.Debug|Any CPU.ActiveCfg = Debug|Any CPU
		{FB56789A-F43B-4F09-B675-AC26CD2B2F0B}.Debug|Any CPU.Build.0 = Debug|Any CPU
		{FB56789A-F43B-4F09-B675-AC26CD2B2F0B}.Release|Any CPU.ActiveCfg = Release|Any CPU
		{FB56789A-F43B-4F09-B675-AC26CD2B2F0B}.Release|Any CPU.Build.0 = Release|Any CPU
		{E6B8A2CB-AF8B-4E06-BC29-25CF047220DB}.Debug|Any CPU.ActiveCfg = Debug|Any CPU
		{E6B8A2CB-AF8B-4E06-BC29-25CF047220DB}.Debug|Any CPU.Build.0 = Debug|Any CPU
		{E6B8A2CB-AF8B-4E06-BC29-25CF047220DB}.Release|Any CPU.ActiveCfg = Release|Any CPU
		{E6B8A2CB-AF8B-4E06-BC29-25CF047220DB}.Release|Any CPU.Build.0 = Release|Any CPU
		{6A832D68-D334-42E2-9CD1-8B5A3C12BC7B}.Debug|Any CPU.ActiveCfg = Debug|Any CPU
		{6A832D68-D334-42E2-9CD1-8B5A3C12BC7B}.Debug|Any CPU.Build.0 = Debug|Any CPU
		{6A832D68-D334-42E2-9CD1-8B5A3C12BC7B}.Release|Any CPU.ActiveCfg = Release|Any CPU
		{6A832D68-D334-42E2-9CD1-8B5A3C12BC7B}.Release|Any CPU.Build.0 = Release|Any CPU
		{B62E0922-7424-41F7-9F0A-CE180717A219}.Debug|Any CPU.ActiveCfg = Debug|Any CPU
		{B62E0922-7424-41F7-9F0A-CE180717A219}.Debug|Any CPU.Build.0 = Debug|Any CPU
		{B62E0922-7424-41F7-9F0A-CE180717A219}.Release|Any CPU.ActiveCfg = Release|Any CPU
		{B62E0922-7424-41F7-9F0A-CE180717A219}.Release|Any CPU.Build.0 = Release|Any CPU
		{BFD1DF37-729C-43D6-8C15-CFA09F477D6D}.Debug|Any CPU.ActiveCfg = Debug|Any CPU
		{BFD1DF37-729C-43D6-8C15-CFA09F477D6D}.Debug|Any CPU.Build.0 = Debug|Any CPU
		{BFD1DF37-729C-43D6-8C15-CFA09F477D6D}.Release|Any CPU.ActiveCfg = Release|Any CPU
		{BFD1DF37-729C-43D6-8C15-CFA09F477D6D}.Release|Any CPU.Build.0 = Release|Any CPU
		{937CCA0F-99A5-4BDB-A519-B6B1749D21C5}.Debug|Any CPU.ActiveCfg = Debug|Any CPU
		{937CCA0F-99A5-4BDB-A519-B6B1749D21C5}.Debug|Any CPU.Build.0 = Debug|Any CPU
		{937CCA0F-99A5-4BDB-A519-B6B1749D21C5}.Release|Any CPU.ActiveCfg = Release|Any CPU
		{937CCA0F-99A5-4BDB-A519-B6B1749D21C5}.Release|Any CPU.Build.0 = Release|Any CPU
		{8FBDDF59-2B62-4B89-9B32-A636DF715E65}.Debug|Any CPU.ActiveCfg = Debug|Any CPU
		{8FBDDF59-2B62-4B89-9B32-A636DF715E65}.Debug|Any CPU.Build.0 = Debug|Any CPU
		{8FBDDF59-2B62-4B89-9B32-A636DF715E65}.Release|Any CPU.ActiveCfg = Release|Any CPU
		{8FBDDF59-2B62-4B89-9B32-A636DF715E65}.Release|Any CPU.Build.0 = Release|Any CPU
	EndGlobalSection
	GlobalSection(SolutionProperties) = preSolution
		HideSolutionNode = FALSE
	EndGlobalSection
	GlobalSection(NestedProjects) = preSolution
		{4922E289-603C-4471-9C78-727D54DF60C9} = {4B55D85D-4CEC-402A-9185-B00181723A10}
		{FA776FF9-9B98-4E10-B831-3FA639A1BA32} = {4B55D85D-4CEC-402A-9185-B00181723A10}
	EndGlobalSection
EndGlobal
